Microsoft Visual Studio Solution File, Format Version 12.00
# Visual Studio Version 17
VisualStudioVersion = 17.13.35931.197
MinimumVisualStudioVersion = 10.0.40219.1
Project("{FAE04EC0-301F-11D3-BF4B-00C04F79EFBC}") = "DashboardCache", "DashboardCache\DashboardCache.csproj", "{C3C3DC22-AF1F-4CE3-ABF9-B4AC3873F171}"
EndProject
Global
	GlobalSection(SolutionConfigurationPlatforms) = preSolution
		Debug|Any CPU = Debug|Any CPU
		Release|Any CPU = Release|Any CPU
	EndGlobalSection
	GlobalSection(ProjectConfigurationPlatforms) = postSolution
		{C3C3DC22-AF1F-4CE3-ABF9-B4AC3873F171}.Debug|Any CPU.ActiveCfg = Debug|Any CPU
		{C3C3DC22-AF1F-4CE3-ABF9-B4AC3873F171}.Debug|Any CPU.Build.0 = Debug|Any CPU
		{C3C3DC22-AF1F-4CE3-ABF9-B4AC3873F171}.Release|Any CPU.ActiveCfg = Release|Any CPU
		{C3C3DC22-AF1F-4CE3-ABF9-B4AC3873F171}.Release|Any CPU.Build.0 = Release|Any CPU
	EndGlobalSection
	GlobalSection(SolutionProperties) = preSolution
		HideSolutionNode = FALSE
	EndGlobalSection
	GlobalSection(ExtensibilityGlobals) = postSolution
		SolutionGuid = {183304EA-3FD8-4F13-86F5-8EAC099432C9}
	EndGlobalSection
EndGlobal
